<Solution>
  <Configurations>
    <Platform Name="ARM64" />
    <Platform Name="x64" />
    <Platform Name="x86" />
  </Configurations>
  <Folder Name="/Solution Items/">
    <File Path="LICENSE.txt" />
    <File Path="README.md" />
  </Folder>
  <Folder Name="/Solution Items/affinity/">
    <File Path="affinity/ChurchSigns.af" />
  </Folder>
  <Folder Name="/Solution Items/docs/">
    <File Path="docs/index.md" />
    <File Path="docs/PRIVACY.md" />
  </Folder>
  <Project Path="src/ChurchSigns.UI/ChurchSigns.UI.csproj" Id="ba89a186-1b8c-411c-86b3-24abd7a4755d" />
  <Project Path="src/ChurchSigns/ChurchSigns.csproj" Id="adc96214-1613-486f-9029-d739c6c73528">
    <Platform Solution="*|ARM64" Project="ARM64" />
    <Platform Solution="*|x64" Project="x64" />
    <Platform Solution="*|x86" Project="x86" />
    <Deploy />
  </Project>
  <Project Path="tests/ChurchSigns.Test/ChurchSigns.Test.csproj" />
</Solution>
